{
  "nodes": {
    "home-manager": {
      "inputs": {
        "nixpkgs": [
          "nixpkgs"
        ]
      },
      "locked": {
        "lastModified": 1743482579,
        "narHash": "sha256-u81nqA4UuRatKDkzUuIfVYdLMw8birEy+99oXpdyXhY=",
        "owner": "nix-community",
        "repo": "home-manager",
        "rev": "c21383b556609ce1ad901aa08b4c6fbd9e0c7af0",
        "type": "github"
      },
      "original": {
        "owner": "nix-community",
        "ref": "master",
        "repo": "home-manager",
        "type": "github"
      }
    },
    "nixpkgs": {
      "locked": {
        "lastModified": 1743315132,
        "narHash": "sha256-6hl6L/tRnwubHcA4pfUUtk542wn2Om+D4UnDhlDW9BE=",
        "owner": "nixos",
        "repo": "nixpkgs",
        "rev": "52faf482a3889b7619003c0daec593a1912fddc1",
        "type": "github"
      },
      "original": {
        "owner": "nixos",
        "ref": "nixos-unstable",
        "repo": "nixpkgs",
        "type": "github"
      }
    },
    "nixpkgs_2": {
      "locked": {
        "lastModified": 1740547748,
        "narHash": "sha256-Ly2fBL1LscV+KyCqPRufUBuiw+zmWrlJzpWOWbahplg=",
        "owner": "NixOS",
        "repo": "nixpkgs",
        "rev": "3a05eebede89661660945da1f151959900903b6a",
        "type": "github"
      },
      "original": {
        "owner": "NixOS",
        "ref": "nixpkgs-unstable",
        "repo": "nixpkgs",
        "type": "github"
      }
    },
    "root": {
      "inputs": {
        "home-manager": "home-manager",
        "nixpkgs": "nixpkgs",
        "systems": "systems",
        "umu": "umu"
      }
    },
    "systems": {
      "locked": {
        "lastModified": 1689347949,
        "narHash": "sha256-12tWmuL2zgBgZkdoB6qXZsgJEH9LR3oUgpaQq2RbI80=",
        "owner": "nix-systems",
        "repo": "default-linux",
        "rev": "31732fcf5e8fea42e59c2488ad31a0e651500f68",
        "type": "github"
      },
      "original": {
        "owner": "nix-systems",
        "repo": "default-linux",
        "type": "github"
      }
    },
    "umu": {
      "inputs": {
        "nixpkgs": "nixpkgs_2"
      },
      "locked": {
        "dir": "packaging/nix",
        "lastModified": 1742441912,
        "narHash": "sha256-8379sxse20nhUT6VcjjpsDmYoT8EJQCy0E8bLZZdos8=",
        "owner": "Open-Wine-Components",
        "repo": "umu-launcher",
        "rev": "28eef5f5638d5660fb2d7c1811c8f2915a5e8c5b",
        "type": "github"
      },
      "original": {
        "dir": "packaging/nix",
        "owner": "Open-Wine-Components",
        "repo": "umu-launcher",
        "type": "github"
      }
    }
  },
  "root": "root",
  "version": 7
}
